// !$*UTF8*$!
{
	archiveVersion = 1;
	classes = {
	};
	objectVersion = 56;
	objects = {

/* Begin PBXBuildFile section */
		93988EE72B07CCB8004C93E7 /* AppDelegate.swift in Sources */ = {isa = PBXBuildFile; fileRef = 93988EE62B07CCB8004C93E7 /* AppDelegate.swift */; };
		93988EE92B07CCB8004C93E7 /* SceneDelegate.swift in Sources */ = {isa = PBXBuildFile; fileRef = 93988EE82B07CCB8004C93E7 /* SceneDelegate.swift */; };
		93988EEB2B07CCB8004C93E7 /* ViewController.swift in Sources */ = {isa = PBXBuildFile; fileRef = 93988EEA2B07CCB8004C93E7 /* ViewController.swift */; };
		93988EF02B07CCC0004C93E7 /* Assets.xcassets in Resources */ = {isa = PBXBuildFile; fileRef = 93988EEF2B07CCC0004C93E7 /* Assets.xcassets */; };
		93988EF32B07CCC0004C93E7 /* LaunchScreen.storyboard in Resources */ = {isa = PBXBuildFile; fileRef = 93988EF12B07CCC0004C93E7 /* LaunchScreen.storyboard */; };
		93988EFB2B07CD21004C93E7 /* Model.swift in Sources */ = {isa = PBXBuildFile; fileRef = 93988EFA2B07CD21004C93E7 /* Model.swift */; };
		93988F042B07E12E004C93E7 /* Alamofire in Frameworks */ = {isa = PBXBuildFile; productRef = 93988F032B07E12E004C93E7 /* Alamofire */; };
		93988F072B07E170004C93E7 /* SnapKit in Frameworks */ = {isa = PBXBuildFile; productRef = 93988F062B07E170004C93E7 /* SnapKit */; };
		93988F092B07E921004C93E7 /* TableViewCell.swift in Sources */ = {isa = PBXBuildFile; fileRef = 93988F082B07E921004C93E7 /* TableViewCell.swift */; };
		93988F0B2B0A1A70004C93E7 /* DetailViewController.swift in Sources */ = {isa = PBXBuildFile; fileRef = 93988F0A2B0A1A70004C93E7 /* DetailViewController.swift */; };
		93988F0D2B0E65F7004C93E7 /* Alamofire in Frameworks */ = {isa = PBXBuildFile; productRef = 93988F0C2B0E65F7004C93E7 /* Alamofire */; };
/* End PBXBuildFile section */

/* Begin PBXFileReference section */
		93988EE32B07CCB8004C93E7 /* hw21.app */ = {isa = PBXFileReference; explicitFileType = wrapper.application; includeInIndex = 0; path = hw21.app; sourceTree = BUILT_PRODUCTS_DIR; };
		93988EE62B07CCB8004C93E7 /* AppDelegate.swift */ = {isa = PBXFileReference; lastKnownFileType = sourcecode.swift; path = AppDelegate.swift; sourceTree = "<group>"; };
		93988EE82B07CCB8004C93E7 /* SceneDelegate.swift */ = {isa = PBXFileReference; lastKnownFileType = sourcecode.swift; path = SceneDelegate.swift; sourceTree = "<group>"; };
		93988EEA2B07CCB8004C93E7 /* ViewController.swift */ = {isa = PBXFileReference; lastKnownFileType = sourcecode.swift; path = ViewController.swift; sourceTree = "<group>"; wrapsLines = 0; };
		93988EEF2B07CCC0004C93E7 /* Assets.xcassets */ = {isa = PBXFileReference; lastKnownFileType = folder.assetcatalog; path = Assets.xcassets; sourceTree = "<group>"; };
		93988EF22B07CCC0004C93E7 /* Base */ = {isa = PBXFileReference; lastKnownFileType = file.storyboard; name = Base; path = Base.lproj/LaunchScreen.storyboard; sourceTree = "<group>"; };
		93988EF42B07CCC0004C93E7 /* Info.plist */ = {isa = PBXFileReference; lastKnownFileType = text.plist.xml; path = Info.plist; sourceTree = "<group>"; };
		93988EFA2B07CD21004C93E7 /* Model.swift */ = {isa = PBXFileReference; lastKnownFileType = sourcecode.swift; path = Model.swift; sourceTree = "<group>"; };
		93988F082B07E921004C93E7 /* TableViewCell.swift */ = {isa = PBXFileReference; lastKnownFileType = sourcecode.swift; path = TableViewCell.swift; sourceTree = "<group>"; };
		93988F0A2B0A1A70004C93E7 /* DetailViewController.swift */ = {isa = PBXFileReference; lastKnownFileType = sourcecode.swift; path = DetailViewController.swift; sourceTree = "<group>"; };
/* End PBXFileReference section */

/* Begin PBXFrameworksBuildPhase section */
		93988EE02B07CCB8004C93E7 /* Frameworks */ = {
			isa = PBXFrameworksBuildPhase;
			buildActionMask = 2147483647;
			files = (
				93988F0D2B0E65F7004C93E7 /* Alamofire in Frameworks */,
				93988F042B07E12E004C93E7 /* Alamofire in Frameworks */,
				93988F072B07E170004C93E7 /* SnapKit in Frameworks */,
			);
			runOnlyForDeploymentPostprocessing = 0;
		};
/* End PBXFrameworksBuildPhase section */

/* Begin PBXGroup section */
		93988EDA2B07CCB7004C93E7 = {
			isa = PBXGroup;
			children = (
				93988EE52B07CCB8004C93E7 /* hw21 */,
				93988EE42B07CCB8004C93E7 /* Products */,
			);
			sourceTree = "<group>";
		};
		93988EE42B07CCB8004C93E7 /* Products */ = {
			isa = PBXGroup;
			children = (
				93988EE32B07CCB8004C93E7 /* hw21.app */,
			);
			name = Products;
			sourceTree = "<group>";
		};
		93988EE52B07CCB8004C93E7 /* hw21 */ = {
			isa = PBXGroup;
			children = (
				93988EFC2B07D85C004C93E7 /* Sources */,
				93988EFE2B07D906004C93E7 /* Configuration */,
				93988F012B07DD64004C93E7 /* Resources */,
			);
			path = hw21;
			sourceTree = "<group>";
		};
		93988EFC2B07D85C004C93E7 /* Sources */ = {
			isa = PBXGroup;
			children = (
				93988EEA2B07CCB8004C93E7 /* ViewController.swift */,
				93988F0A2B0A1A70004C93E7 /* DetailViewController.swift */,
				93988F082B07E921004C93E7 /* TableViewCell.swift */,
				93988EFA2B07CD21004C93E7 /* Model.swift */,
				93988F002B07DCA0004C93E7 /* APP */,
				93988EFD2B07D86E004C93E7 /* Storyboard */,
			);
			path = Sources;
			sourceTree = "<group>";
		};
		93988EFD2B07D86E004C93E7 /* Storyboard */ = {
			isa = PBXGroup;
			children = (
				93988EF12B07CCC0004C93E7 /* LaunchScreen.storyboard */,
			);
			path = Storyboard;
			sourceTree = "<group>";
		};
		93988EFE2B07D906004C93E7 /* Configuration */ = {
			isa = PBXGroup;
			children = (
				93988EF42B07CCC0004C93E7 /* Info.plist */,
			);
			path = Configuration;
			sourceTree = "<group>";
		};
		93988F002B07DCA0004C93E7 /* APP */ = {
			isa = PBXGroup;
			children = (
				93988EE62B07CCB8004C93E7 /* AppDelegate.swift */,
				93988EE82B07CCB8004C93E7 /* SceneDelegate.swift */,
			);
			path = APP;
			sourceTree = "<group>";
		};
		93988F012B07DD64004C93E7 /* Resources */ = {
			isa = PBXGroup;
			children = (
				93988EEF2B07CCC0004C93E7 /* Assets.xcassets */,
			);
			path = Resources;
			sourceTree = "<group>";
		};
/* End PBXGroup section */

/* Begin PBXNativeTarget section */
		93988EE22B07CCB8004C93E7 /* hw21 */ = {
			isa = PBXNativeTarget;
			buildConfigurationList = 93988EF72B07CCC0004C93E7 /* Build configuration list for PBXNativeTarget "hw21" */;
			buildPhases = (
				93988EDF2B07CCB8004C93E7 /* Sources */,
				93988EE02B07CCB8004C93E7 /* Frameworks */,
				93988EE12B07CCB8004C93E7 /* Resources */,
			);
			buildRules = (
			);
			dependencies = (
			);
			name = hw21;
			packageProductDependencies = (
				93988F032B07E12E004C93E7 /* Alamofire */,
				93988F062B07E170004C93E7 /* SnapKit */,
				93988F0C2B0E65F7004C93E7 /* Alamofire */,
			);
			productName = hw21;
			productReference = 93988EE32B07CCB8004C93E7 /* hw21.app */;
			productType = "com.apple.product-type.application";
		};
/* End PBXNativeTarget section */

/* Begin PBXProject section */
		93988EDB2B07CCB7004C93E7 /* Project object */ = {
			isa = PBXProject;
			attributes = {
				BuildIndependentTargetsInParallel = 1;
				LastSwiftUpdateCheck = 1500;
				LastUpgradeCheck = 1500;
				TargetAttributes = {
					93988EE22B07CCB8004C93E7 = {
						CreatedOnToolsVersion = 15.0.1;
					};
				};
			};
			buildConfigurationList = 93988EDE2B07CCB7004C93E7 /* Build configuration list for PBXProject "hw21" */;
			compatibilityVersion = "Xcode 14.0";
			developmentRegion = en;
			hasScannedForEncodings = 0;
			knownRegions = (
				en,
				Base,
			);
			mainGroup = 93988EDA2B07CCB7004C93E7;
			packageReferences = (
				93988F022B07E12E004C93E7 /* XCRemoteSwiftPackageReference "Alamofire" */,
				93988F052B07E170004C93E7 /* XCRemoteSwiftPackageReference "SnapKit" */,
			);
			productRefGroup = 93988EE42B07CCB8004C93E7 /* Products */;
			projectDirPath = "";
			projectRoot = "";
			targets = (
				93988EE22B07CCB8004C93E7 /* hw21 */,
			);
		};
/* End PBXProject section */

/* Begin PBXResourcesBuildPhase section */
		93988EE12B07CCB8004C93E7 /* Resources */ = {
			isa = PBXResourcesBuildPhase;
			buildActionMask = 2147483647;
			files = (
				93988EF32B07CCC0004C93E7 /* LaunchScreen.storyboard in Resources */,
				93988EF02B07CCC0004C93E7 /* Assets.xcassets in Resources */,
			);
			runOnlyForDeploymentPostprocessing = 0;
		};
/* End PBXResourcesBuildPhase section */

/* Begin PBXSourcesBuildPhase section */
		93988EDF2B07CCB8004C93E7 /* Sources */ = {
			isa = PBXSourcesBuildPhase;
			buildActionMask = 2147483647;
			files = (
				93988F092B07E921004C93E7 /* TableViewCell.swift in Sources */,
				93988EEB2B07CCB8004C93E7 /* ViewController.swift in Sources */,
				93988EE72B07CCB8004C93E7 /* AppDelegate.swift in Sources */,
				93988F0B2B0A1A70004C93E7 /* DetailViewController.swift in Sources */,
				93988EE92B07CCB8004C93E7 /* SceneDelegate.swift in Sources */,
				93988EFB2B07CD21004C93E7 /* Model.swift in Sources */,
			);
			runOnlyForDeploymentPostprocessing = 0;
		};
/* End PBXSourcesBuildPhase section */

/* Begin PBXVariantGroup section */
		93988EF12B07CCC0004C93E7 /* LaunchScreen.storyboard */ = {
			isa = PBXVariantGroup;
			children = (
				93988EF22B07CCC0004C93E7 /* Base */,
			);
			name = LaunchScreen.storyboard;
			sourceTree = "<group>";
		};
/* End PBXVariantGroup section */

/* Begin XCBuildConfiguration section */
		93988EF52B07CCC0004C93E7 /* Debug */ = {
			isa = XCBuildConfiguration;
			buildSettings = {
				ALWAYS_SEARCH_USER_PATHS = NO;
				ASSETCATALOG_COMPILER_GENERATE_SWIFT_ASSET_SYMBOL_EXTENSIONS = YES;
				CLANG_ANALYZER_NONNULL = YES;
				CLANG_ANALYZER_NUMBER_OBJECT_CONVERSION = YES_AGGRESSIVE;
				CLANG_CXX_LANGUAGE_STANDARD = "gnu++20";
				CLANG_ENABLE_MODULES = YES;
				CLANG_ENABLE_OBJC_ARC = YES;
				CLANG_ENABLE_OBJC_WEAK = YES;
				CLANG_WARN_BLOCK_CAPTURE_AUTORELEASING = YES;
				CLANG_WARN_BOOL_CONVERSION = YES;
				CLANG_WARN_COMMA = YES;
				CLANG_WARN_CONSTANT_CONVERSION = YES;
				CLANG_WARN_DEPRECATED_OBJC_IMPLEMENTATIONS = YES;
				CLANG_WARN_DIRECT_OBJC_ISA_USAGE = YES_ERROR;
				CLANG_WARN_DOCUMENTATION_COMMENTS = YES;
				CLANG_WARN_EMPTY_BODY = YES;
				CLANG_WARN_ENUM_CONVERSION = YES;
				CLANG_WARN_INFINITE_RECURSION = YES;
				CLANG_WARN_INT_CONVERSION = YES;
				CLANG_WARN_NON_LITERAL_NULL_CONVERSION = YES;
				CLANG_WARN_OBJC_IMPLICIT_RETAIN_SELF = YES;
				CLANG_WARN_OBJC_LITERAL_CONVERSION = YES;
				CLANG_WARN_OBJC_ROOT_CLASS = YES_ERROR;
				CLANG_WARN_QUOTED_INCLUDE_IN_FRAMEWORK_HEADER = YES;
				CLANG_WARN_RANGE_LOOP_ANALYSIS = YES;
				CLANG_WARN_STRICT_PROTOTYPES = YES;
				CLANG_WARN_SUSPICIOUS_MOVE = YES;
				CLANG_WARN_UNGUARDED_AVAILABILITY = YES_AGGRESSIVE;
				CLANG_WARN_UNREACHABLE_CODE = YES;
				CLANG_WARN__DUPLICATE_METHOD_MATCH = YES;
				COPY_PHASE_STRIP = NO;
				DEBUG_INFORMATION_FORMAT = dwarf;
				ENABLE_STRICT_OBJC_MSGSEND = YES;
				ENABLE_TESTABILITY = YES;
				ENABLE_USER_SCRIPT_SANDBOXING = YES;
				GCC_C_LANGUAGE_STANDARD = gnu17;
				GCC_DYNAMIC_NO_PIC = NO;
				GCC_NO_COMMON_BLOCKS = YES;
				GCC_OPTIMIZATION_LEVEL = 0;
				GCC_PREPROCESSOR_DEFINITIONS = (
					"DEBUG=1",
					"$(inherited)",
				);
				GCC_WARN_64_TO_32_BIT_CONVERSION = YES;
				GCC_WARN_ABOUT_RETURN_TYPE = YES_ERROR;
				GCC_WARN_UNDECLARED_SELECTOR = YES;
				GCC_WARN_UNINITIALIZED_AUTOS = YES_AGGRESSIVE;
				GCC_WARN_UNUSED_FUNCTION = YES;
				GCC_WARN_UNUSED_VARIABLE = YES;
				IPHONEOS_DEPLOYMENT_TARGET = 17.0;
				LOCALIZATION_PREFERS_STRING_CATALOGS = YES;
				MTL_ENABLE_DEBUG_INFO = INCLUDE_SOURCE;
				MTL_FAST_MATH = YES;
				ONLY_ACTIVE_ARCH = YES;
				SDKROOT = iphoneos;
				SWIFT_ACTIVE_COMPILATION_CONDITIONS = "DEBUG $(inherited)";
				SWIFT_OPTIMIZATION_LEVEL = "-Onone";
			};
			name = Debug;
		};
		93988EF62B07CCC0004C93E7 /* Release */ = {
			isa = XCBuildConfiguration;
			buildSettings = {
				ALWAYS_SEARCH_USER_PATHS = NO;
				ASSETCATALOG_COMPILER_GENERATE_SWIFT_ASSET_SYMBOL_EXTENSIONS = YES;
				CLANG_ANALYZER_NONNULL = YES;
				CLANG_ANALYZER_NUMBER_OBJECT_CONVERSION = YES_AGGRESSIVE;
				CLANG_CXX_LANGUAGE_STANDARD = "gnu++20";
				CLANG_ENABLE_MODULES = YES;
				CLANG_ENABLE_OBJC_ARC = YES;
				CLANG_ENABLE_OBJC_WEAK = YES;
				CLANG_WARN_BLOCK_CAPTURE_AUTORELEASING = YES;
				CLANG_WARN_BOOL_CONVERSION = YES;
				CLANG_WARN_COMMA = YES;
				CLANG_WARN_CONSTANT_CONVERSION = YES;
				CLANG_WARN_DEPRECATED_OBJC_IMPLEMENTATIONS = YES;
				CLANG_WARN_DIRECT_OBJC_ISA_USAGE = YES_ERROR;
				CLANG_WARN_DOCUMENTATION_COMMENTS = YES;
				CLANG_WARN_EMPTY_BODY = YES;
				CLANG_WARN_ENUM_CONVERSION = YES;
				CLANG_WARN_INFINITE_RECURSION = YES;
				CLANG_WARN_INT_CONVERSION = YES;
				CLANG_WARN_NON_LITERAL_NULL_CONVERSION = YES;
				CLANG_WARN_OBJC_IMPLICIT_RETAIN_SELF = YES;
				CLANG_WARN_OBJC_LITERAL_CONVERSION = YES;
				CLANG_WARN_OBJC_ROOT_CLASS = YES_ERROR;
				CLANG_WARN_QUOTED_INCLUDE_IN_FRAMEWORK_HEADER = YES;
				CLANG_WARN_RANGE_LOOP_ANALYSIS = YES;
				CLANG_WARN_STRICT_PROTOTYPES = YES;
				CLANG_WARN_SUSPICIOUS_MOVE = YES;
				CLANG_WARN_UNGUARDED_AVAILABILITY = YES_AGGRESSIVE;
				CLANG_WARN_UNREACHABLE_CODE = YES;
				CLANG_WARN__DUPLICATE_METHOD_MATCH = YES;
				COPY_PHASE_STRIP = NO;
				DEBUG_INFORMATION_FORMAT = "dwarf-with-dsym";
				ENABLE_NS_ASSERTIONS = NO;
				ENABLE_STRICT_OBJC_MSGSEND = YES;
				ENABLE_USER_SCRIPT_SANDBOXING = YES;
				GCC_C_LANGUAGE_STANDARD = gnu17;
				GCC_NO_COMMON_BLOCKS = YES;
				GCC_WARN_64_TO_32_BIT_CONVERSION = YES;
				GCC_WARN_ABOUT_RETURN_TYPE = YES_ERROR;
				GCC_WARN_UNDECLARED_SELECTOR = YES;
				GCC_WARN_UNINITIALIZED_AUTOS = YES_AGGRESSIVE;
				GCC_WARN_UNUSED_FUNCTION = YES;
				GCC_WARN_UNUSED_VARIABLE = YES;
				IPHONEOS_DEPLOYMENT_TARGET = 17.0;
				LOCALIZATION_PREFERS_STRING_CATALOGS = YES;
				MTL_ENABLE_DEBUG_INFO = NO;
				MTL_FAST_MATH = YES;
				SDKROOT = iphoneos;
				SWIFT_COMPILATION_MODE = wholemodule;
				VALIDATE_PRODUCT = YES;
			};
			name = Release;
		};
		93988EF82B07CCC0004C93E7 /* Debug */ = {
			isa = XCBuildConfiguration;
			buildSettings = {
				ASSETCATALOG_COMPILER_APPICON_NAME = AppIcon;
				ASSETCATALOG_COMPILER_GLOBAL_ACCENT_COLOR_NAME = AccentColor;
				CODE_SIGN_STYLE = Automatic;
				CURRENT_PROJECT_VERSION = 1;
				GENERATE_INFOPLIST_FILE = YES;
				INFOPLIST_FILE = hw21/Configuration/Info.plist;
				INFOPLIST_KEY_UIApplicationSupportsIndirectInputEvents = YES;
				INFOPLIST_KEY_UILaunchStoryboardName = LaunchScreen;
				INFOPLIST_KEY_UIMainStoryboardFile = "";
				INFOPLIST_KEY_UISupportedInterfaceOrientations_iPad = "UIInterfaceOrientationPortrait UIInterfaceOrientationPortraitUpsideDown UIInterfaceOrientationLandscapeLeft UIInterfaceOrientationLandscapeRight";
				INFOPLIST_KEY_UISupportedInterfaceOrientations_iPhone = "UIInterfaceOrientationPortrait UIInterfaceOrientationLandscapeLeft UIInterfaceOrientationLandscapeRight";
				IPHONEOS_DEPLOYMENT_TARGET = 17.0;
				LD_RUNPATH_SEARCH_PATHS = (
					"$(inherited)",
					"@executable_path/Frameworks",
				);
				MARKETING_VERSION = 1.0;
				PRODUCT_BUNDLE_IDENTIFIER = "-----.hw21";
				PRODUCT_NAME = "$(TARGET_NAME)";
				SWIFT_EMIT_LOC_STRINGS = YES;
				SWIFT_VERSION = 5.0;
				TARGETED_DEVICE_FAMILY = "1,2";
			};
			name = Debug;
		};
		93988EF92B07CCC0004C93E7 /* Release */ = {
			isa = XCBuildConfiguration;
			buildSettings = {
				ASSETCATALOG_COMPILER_APPICON_NAME = AppIcon;
				ASSETCATALOG_COMPILER_GLOBAL_ACCENT_COLOR_NAME = AccentColor;
				CODE_SIGN_STYLE = Automatic;
				CURRENT_PROJECT_VERSION = 1;
				GENERATE_INFOPLIST_FILE = YES;
				INFOPLIST_FILE = hw21/Configuration/Info.plist;
				INFOPLIST_KEY_UIApplicationSupportsIndirectInputEvents = YES;
				INFOPLIST_KEY_UILaunchStoryboardName = LaunchScreen;
				INFOPLIST_KEY_UIMainStoryboardFile = "";
				INFOPLIST_KEY_UISupportedInterfaceOrientations_iPad = "UIInterfaceOrientationPortrait UIInterfaceOrientationPortraitUpsideDown UIInterfaceOrientationLandscapeLeft UIInterfaceOrientationLandscapeRight";
				INFOPLIST_KEY_UISupportedInterfaceOrientations_iPhone = "UIInterfaceOrientationPortrait UIInterfaceOrientationLandscapeLeft UIInterfaceOrientationLandscapeRight";
				IPHONEOS_DEPLOYMENT_TARGET = 17.0;
				LD_RUNPATH_SEARCH_PATHS = (
					"$(inherited)",
					"@executable_path/Frameworks",
				);
				MARKETING_VERSION = 1.0;
				PRODUCT_BUNDLE_IDENTIFIER = "-----.hw21";
				PRODUCT_NAME = "$(TARGET_NAME)";
				SWIFT_EMIT_LOC_STRINGS = YES;
				SWIFT_VERSION = 5.0;
				TARGETED_DEVICE_FAMILY = "1,2";
			};
			name = Release;
		};
/* End XCBuildConfiguration section */

/* Begin XCConfigurationList section */
		93988EDE2B07CCB7004C93E7 /* Build configuration list for PBXProject "hw21" */ = {
			isa = XCConfigurationList;
			buildConfigurations = (
				93988EF52B07CCC0004C93E7 /* Debug */,
				93988EF62B07CCC0004C93E7 /* Release */,
			);
			defaultConfigurationIsVisible = 0;
			defaultConfigurationName = Release;
		};
		93988EF72B07CCC0004C93E7 /* Build configuration list for PBXNativeTarget "hw21" */ = {
			isa = XCConfigurationList;
			buildConfigurations = (
				93988EF82B07CCC0004C93E7 /* Debug */,
				93988EF92B07CCC0004C93E7 /* Release */,
			);
			defaultConfigurationIsVisible = 0;
			defaultConfigurationName = Release;
		};
/* End XCConfigurationList section */

/* Begin XCRemoteSwiftPackageReference section */
		93988F022B07E12E004C93E7 /* XCRemoteSwiftPackageReference "Alamofire" */ = {
			isa = XCRemoteSwiftPackageReference;
			repositoryURL = "https://github.com/Alamofire/Alamofire";
			requirement = {
				kind = upToNextMajorVersion;
				minimumVersion = 5.8.1;
			};
		};
		93988F052B07E170004C93E7 /* XCRemoteSwiftPackageReference "SnapKit" */ = {
			isa = XCRemoteSwiftPackageReference;
			repositoryURL = "https://github.com/SnapKit/SnapKit";
			requirement = {
				kind = upToNextMajorVersion;
				minimumVersion = 5.6.0;
			};
		};
/* End XCRemoteSwiftPackageReference section */

/* Begin XCSwiftPackageProductDependency section */
		93988F032B07E12E004C93E7 /* Alamofire */ = {
			isa = XCSwiftPackageProductDependency;
			package = 93988F022B07E12E004C93E7 /* XCRemoteSwiftPackageReference "Alamofire" */;
			productName = Alamofire;
		};
		93988F062B07E170004C93E7 /* SnapKit */ = {
			isa = XCSwiftPackageProductDependency;
			package = 93988F052B07E170004C93E7 /* XCRemoteSwiftPackageReference "SnapKit" */;
			productName = SnapKit;
		};
		93988F0C2B0E65F7004C93E7 /* Alamofire */ = {
			isa = XCSwiftPackageProductDependency;
			package = 93988F022B07E12E004C93E7 /* XCRemoteSwiftPackageReference "Alamofire" */;
			productName = Alamofire;
		};
/* End XCSwiftPackageProductDependency section */
	};
	rootObject = 93988EDB2B07CCB7004C93E7 /* Project object */;
}
